schema: '2.0'
stages:
  prepare:
    cmd: .make-env/bin/python -m src.prepare_stage
    deps:
    - path: data/raw/data.csv
      hash: md5
      md5: 95145a9c9aeebb7bcabbe52fd5771641
      size: 64587
    - path: src/model_pipeline.py
      hash: md5
      md5: 8373ec84a90918f75a42f18ecafff120
      size: 5975
    - path: src/prepare_stage.py
      hash: md5
      md5: b6db1805d450d823ef750d5025b4e158
      size: 753
    outs:
    - path: data/processed/test.csv
      hash: md5
      md5: 9dc6c60013159bcba7f358b9c85ec90e
      size: 39726
    - path: data/processed/train.csv
      hash: md5
      md5: 9010a1ebc10e11bed09519b0ea4f07fa
      size: 158496
  train:
    cmd: .make-env/bin/python -m src.train
    deps:
    - path: data/processed/train.csv
      hash: md5
      md5: 9010a1ebc10e11bed09519b0ea4f07fa
      size: 158496
    - path: src/model_pipeline.py
      hash: md5
      md5: 8373ec84a90918f75a42f18ecafff120
      size: 5975
    - path: src/train.py
      hash: md5
      md5: 5eec0ec60b30e5e5d84533c925d15568
      size: 441
    outs:
    - path: models/gradient_boost_model.joblib
      hash: md5
      md5: be3a1a96039101ca69dafeaad463bfab
      size: 141480
  evaluate:
    cmd: .make-env/bin/python -m src.check_quality
    deps:
    - path: data/processed/test.csv
      hash: md5
      md5: 9dc6c60013159bcba7f358b9c85ec90e
      size: 39726
    - path: models/gradient_boost_model.joblib
      hash: md5
      md5: be3a1a96039101ca69dafeaad463bfab
      size: 141480
    - path: src/check_quality.py
      hash: md5
      md5: f3469194fd9698fc2bd79d441d8fc0d3
      size: 936
    outs:
    - path: results/metrics.json
      hash: md5
      md5: 5e94891925f52cfd21f29998988485e5
      size: 95
